
Microsoft Visual Studio Solution File, Format Version 11.00
# Visual Studio 2010
Project("{FAE04EC0-301F-11D3-BF4B-00C04F79EFBC}") = "Scripts", "Scripts.csproj", "{12769F3D-047C-579F-B216-AED84080E7CC}"
EndProject
Project("{FAE04EC0-301F-11D3-BF4B-00C04F79EFBC}") = "PlayTests", "PlayTests.csproj", "{627DD13F-5B0B-68CB-A03B-02AC5AAD5B4F}"
EndProject
Project("{FAE04EC0-301F-11D3-BF4B-00C04F79EFBC}") = "Tests", "Tests.csproj", "{783888B2-29DD-912D-2400-B73C6C4864F6}"
EndProject
Global
	GlobalSection(SolutionConfigurationPlatforms) = preSolution
		Debug|Any CPU = Debug|Any CPU
		Release|Any CPU = Release|Any CPU
	EndGlobalSection
	GlobalSection(ProjectConfigurationPlatforms) = postSolution
		{12769F3D-047C-579F-B216-AED84080E7CC}.Debug|Any CPU.ActiveCfg = Debug|Any CPU
		{12769F3D-047C-579F-B216-AED84080E7CC}.Debug|Any CPU.Build.0 = Debug|Any CPU
		{12769F3D-047C-579F-B216-AED84080E7CC}.Release|Any CPU.ActiveCfg = Release|Any CPU
		{12769F3D-047C-579F-B216-AED84080E7CC}.Release|Any CPU.Build.0 = Release|Any CPU
		{627DD13F-5B0B-68CB-A03B-02AC5AAD5B4F}.Debug|Any CPU.ActiveCfg = Debug|Any CPU
		{627DD13F-5B0B-68CB-A03B-02AC5AAD5B4F}.Debug|Any CPU.Build.0 = Debug|Any CPU
		{627DD13F-5B0B-68CB-A03B-02AC5AAD5B4F}.Release|Any CPU.ActiveCfg = Release|Any CPU
		{627DD13F-5B0B-68CB-A03B-02AC5AAD5B4F}.Release|Any CPU.Build.0 = Release|Any CPU
		{783888B2-29DD-912D-2400-B73C6C4864F6}.Debug|Any CPU.ActiveCfg = Debug|Any CPU
		{783888B2-29DD-912D-2400-B73C6C4864F6}.Debug|Any CPU.Build.0 = Debug|Any CPU
		{783888B2-29DD-912D-2400-B73C6C4864F6}.Release|Any CPU.ActiveCfg = Release|Any CPU
		{783888B2-29DD-912D-2400-B73C6C4864F6}.Release|Any CPU.Build.0 = Release|Any CPU
	EndGlobalSection
	GlobalSection(SolutionProperties) = preSolution
		HideSolutionNode = FALSE
	EndGlobalSection
EndGlobal
